
Microsoft Visual Studio Solution File, Format Version 12.00
# Visual Studio Version 16
VisualStudioVersion = 16.0.30128.74
MinimumVisualStudioVersion = 10.0.40219.1
Project("{FAE04EC0-301F-11D3-BF4B-00C04F79EFBC}") = "MailSender", "MailSender\MailSender.csproj", "{45243500-DD54-42CA-B3BC-1022B2D7D709}"
EndProject
Project("{2150E333-8FDC-42A3-9474-1A3956D46DE8}") = "Lesson1", "Lesson1", "{C49B2542-6056-4235-82A6-722FB2B05784}"
EndProject
Project("{FAE04EC0-301F-11D3-BF4B-00C04F79EFBC}") = "WpfMailSender", "WpfMailSender\WpfMailSender.csproj", "{7BC397E0-720F-4F4F-BB70-51DAFA848814}"
EndProject
Project("{FAE04EC0-301F-11D3-BF4B-00C04F79EFBC}") = "UserControlExample", "UserControlExample\UserControlExample.csproj", "{2C269FF7-C77A-4717-A9D6-556EF4BDF85A}"
EndProject
Project("{2150E333-8FDC-42A3-9474-1A3956D46DE8}") = "Lesson2", "Lesson2", "{D47D42AE-EE60-4E00-A2A5-FD7E0CCA1A69}"
EndProject
Project("{FAE04EC0-301F-11D3-BF4B-00C04F79EFBC}") = "TabSwitcher", "TabSwitcher\TabSwitcher.csproj", "{887A39F4-45B9-4C61-91A6-D6461535669D}"
EndProject
Project("{2150E333-8FDC-42A3-9474-1A3956D46DE8}") = "Lesson3", "Lesson3", "{EAEE7B5F-905C-4DCF-93FF-9CAEDD97BFE6}"
EndProject
Project("{FAE04EC0-301F-11D3-BF4B-00C04F79EFBC}") = "MVVM_Test", "MVVM_Test\MVVM_Test.csproj", "{72A5EF08-08C1-4FB2-939D-1473C48E593D}"
EndProject
Project("{FAE04EC0-301F-11D3-BF4B-00C04F79EFBC}") = "MVVM_TestMvvmLightTools", "MVVM_TestMvvmLightTools\MVVM_TestMvvmLightTools.csproj", "{8D5EBC64-B2A3-4A3F-AFC3-1F21CE71DBE1}"
EndProject
Project("{2150E333-8FDC-42A3-9474-1A3956D46DE8}") = "Lesson4", "Lesson4", "{DE3A7B35-C631-4154-AECF-47CB4DF73D3B}"
EndProject
Project("{FAE04EC0-301F-11D3-BF4B-00C04F79EFBC}") = "ConvertTypeValidationExample", "ConvertTypeValidationExample\ConvertTypeValidationExample.csproj", "{3188BE81-CEF6-4689-8BD2-B0EBECB31D56}"
EndProject
Project("{FAE04EC0-301F-11D3-BF4B-00C04F79EFBC}") = "MVVM_TestMvvmLightTools2", "MVVM_TestMvvmLightTools(User Validation)\MVVM_TestMvvmLightTools2.csproj", "{3A2B7D91-6C12-4CFF-8B26-D9008D41A57B}"
EndProject
Project("{FAE04EC0-301F-11D3-BF4B-00C04F79EFBC}") = "SumExampleForUnitTest", "SumExampleForUnitTest\SumExampleForUnitTest.csproj", "{A068CEED-A019-4CBE-A3D7-EF0CBC6D389A}"
EndProject
Project("{FAE04EC0-301F-11D3-BF4B-00C04F79EFBC}") = "SumConsole", "SumConsole\SumConsole.csproj", "{F8ED2978-710C-4C1D-8C2B-F1782C74FBED}"
EndProject
Project("{9A19103F-16F7-4668-BE54-9A1E7A4F7556}") = "Bank", "Bank\Bank.csproj", "{CA97AD37-062C-4123-BCF4-EC0510A758F7}"
EndProject
Project("{9A19103F-16F7-4668-BE54-9A1E7A4F7556}") = "BankTest", "BankTest\BankTest.csproj", "{BFDE9BED-9BCD-4FFF-A297-708277007741}"
EndProject
Project("{FAE04EC0-301F-11D3-BF4B-00C04F79EFBC}") = "FibonacciTDD", "FibonacciTDD\FibonacciTDD.csproj", "{291F6F98-7920-4AC8-8993-EB99EC3FEE3F}"
EndProject
Project("{FAE04EC0-301F-11D3-BF4B-00C04F79EFBC}") = "MailerHW5", "Mailer2 - Homework5\MailerHW5.csproj", "{E19D13EB-56E0-451D-98B6-BEA109CC3434}"
EndProject
Project("{2150E333-8FDC-42A3-9474-1A3956D46DE8}") = "Lesson5", "Lesson5", "{64779B2B-EFD3-4CF7-BD7E-E5461C98252D}"
EndProject
Project("{2150E333-8FDC-42A3-9474-1A3956D46DE8}") = "Lesson6", "Lesson6", "{6CDE9005-477D-460D-B2DD-9D3A0C88EC43}"
EndProject
Project("{FAE04EC0-301F-11D3-BF4B-00C04F79EFBC}") = "DataGeneratorForHW", "DataGeneratorForHW\DataGeneratorForHW.csproj", "{7B8C91E9-788B-4090-97D5-9FC793DD3C4D}"
EndProject
Project("{FAE04EC0-301F-11D3-BF4B-00C04F79EFBC}") = "CSharpASync", "CSharpASync\CSharpASync.csproj", "{B76712CF-D833-4171-9647-3EFFFF8B0888}"
EndProject
Project("{FAE04EC0-301F-11D3-BF4B-00C04F79EFBC}") = "TextTokenizerWPF", "E:\YandexDisk\YandexDisk\ШП\C#-3\HelloWPF-2\TextTokenizerWPF\TextTokenizerWPF.csproj", "{D299A300-D695-40C9-818E-87EF26732456}"
EndProject
Project("{FAE04EC0-301F-11D3-BF4B-00C04F79EFBC}") = "Listing 011(Parallel.For)", "E:\YandexDisk\YandexDisk\ШП\C#-3\HelloWPF-2\Listing 011\Listing 011(Parallel.For).csproj", "{49AB2076-3EF4-46BD-8554-6EE45BC322CB}"
EndProject
Project("{FAE04EC0-301F-11D3-BF4B-00C04F79EFBC}") = "Listing 010(Parellel.Invoke2)", "E:\YandexDisk\YandexDisk\ШП\C#-3\HelloWPF-2\Listing 010\Listing 010(Parellel.Invoke2).csproj", "{091AC83B-E77C-4ED5-9661-1C48B29C2AFB}"
EndProject
Project("{FAE04EC0-301F-11D3-BF4B-00C04F79EFBC}") = "Listing 09 (Parallel.Invoke)", "E:\YandexDisk\YandexDisk\ШП\C#-3\HelloWPF-2\Listing 09\Listing 09 (Parallel.Invoke).csproj", "{FD2C3EBB-EA73-4BAE-B1C1-01347A631D00}"
EndProject
Project("{2150E333-8FDC-42A3-9474-1A3956D46DE8}") = "Lesson7", "Lesson7", "{22178D52-C45F-4D48-A2E7-7827DC6D6279}"
EndProject
Project("{FAE04EC0-301F-11D3-BF4B-00C04F79EFBC}") = "Model", "Model\Model.csproj", "{C38C63C9-8121-481C-8C07-342EE189B274}"
EndProject
Project("{FAE04EC0-301F-11D3-BF4B-00C04F79EFBC}") = "EntetyFrameworkExample", "EntetyFrameworkExample\EntetyFrameworkExample.csproj", "{97ADB668-8D74-4AA8-AB21-4ECE78E2E45A}"
EndProject
Project("{FAE04EC0-301F-11D3-BF4B-00C04F79EFBC}") = "WinFormsInWPF", "WinFormsInWPF\WinFormsInWPF.csproj", "{5A941B24-CA07-4B96-AB65-E5124F6642C6}"
EndProject
Project("{FAE04EC0-301F-11D3-BF4B-00C04F79EFBC}") = "OpenXMLExample", "OpenXMLExample\OpenXMLExample.csproj", "{4BDC70CA-8596-4696-A5B8-C653E4CDBA4E}"
EndProject
Project("{FAE04EC0-301F-11D3-BF4B-00C04F79EFBC}") = "WPF_RDLCDemo", "E:\YandexDisk\YandexDisk\ШП\C#-3\HelloWPF-2\WPF_RDLCDemo\WPF_RDLCDemo\WPF_RDLCDemo.csproj", "{EB86052A-CF48-4836-B826-88B35DFC3AF8}"
EndProject
Project("{2150E333-8FDC-42A3-9474-1A3956D46DE8}") = "Lesson8", "Lesson8", "{FF964730-EB29-452A-814E-461A0E72DE05}"
EndProject
Project("{FAE04EC0-301F-11D3-BF4B-00C04F79EFBC}") = "010. Reflextion_GetType", "Reflextion_GetType\010. Reflextion_GetType.csproj", "{D3679693-B15B-48D0-9193-5606C0D94B85}"
EndProject
Project("{FAE04EC0-301F-11D3-BF4B-00C04F79EFBC}") = "020. MyTypeViewer", "E:\YandexDisk\YandexDisk\ШП\C#-3\HelloWPF-2\MyTypeViewer\MyTypeViewer\020. MyTypeViewer.csproj", "{01A62B4E-6B6D-4493-9CE9-A647A184032D}"
EndProject
Project("{FAE04EC0-301F-11D3-BF4B-00C04F79EFBC}") = "030. ExternalAssemblyReflector", "E:\YandexDisk\YandexDisk\ШП\C#-3\HelloWPF-2\ExternalAssemblyReflector\ExternalAssemblyReflector\030. ExternalAssemblyReflector.csproj", "{F25F868C-A89E-4158-9A17-2F58ED46DFEA}"
EndProject
Project("{FAE04EC0-301F-11D3-BF4B-00C04F79EFBC}") = "040. SharedAsmReflector", "E:\YandexDisk\YandexDisk\ШП\C#-3\HelloWPF-2\SharedAsmReflector\SharedAsmReflector\040. SharedAsmReflector.csproj", "{B114A93E-AE1C-440C-A91D-54795FF42A05}"
EndProject
Project("{FAE04EC0-301F-11D3-BF4B-00C04F79EFBC}") = "050. LateBindingApp", "E:\YandexDisk\YandexDisk\ШП\C#-3\HelloWPF-2\LateBindingApp\LateBindingApp\050. LateBindingApp.csproj", "{70016404-A363-474D-997E-5687351C3743}"
EndProject
Project("{FAE04EC0-301F-11D3-BF4B-00C04F79EFBC}") = "ClassLibrary", "ClassLibrary\ClassLibrary.csproj", "{FAF9ACD8-EE31-41C2-8633-4A1942D139F4}"
EndProject
Project("{FAE04EC0-301F-11D3-BF4B-00C04F79EFBC}") = "WF_Database_Example", "WF_Database_Example\WF_Database_Example.csproj", "{E9635F97-AAC9-48D3-885D-D3AAD02B881D}"
EndProject
Global
	GlobalSection(SolutionConfigurationPlatforms) = preSolution
		Debug|Any CPU = Debug|Any CPU
		Release|Any CPU = Release|Any CPU
	EndGlobalSection
	GlobalSection(ProjectConfigurationPlatforms) = postSolution
		{45243500-DD54-42CA-B3BC-1022B2D7D709}.Debug|Any CPU.ActiveCfg = Debug|Any CPU
		{45243500-DD54-42CA-B3BC-1022B2D7D709}.Debug|Any CPU.Build.0 = Debug|Any CPU
		{45243500-DD54-42CA-B3BC-1022B2D7D709}.Release|Any CPU.ActiveCfg = Release|Any CPU
		{45243500-DD54-42CA-B3BC-1022B2D7D709}.Release|Any CPU.Build.0 = Release|Any CPU
		{7BC397E0-720F-4F4F-BB70-51DAFA848814}.Debug|Any CPU.ActiveCfg = Debug|Any CPU
		{7BC397E0-720F-4F4F-BB70-51DAFA848814}.Debug|Any CPU.Build.0 = Debug|Any CPU
		{7BC397E0-720F-4F4F-BB70-51DAFA848814}.Release|Any CPU.ActiveCfg = Release|Any CPU
		{7BC397E0-720F-4F4F-BB70-51DAFA848814}.Release|Any CPU.Build.0 = Release|Any CPU
		{2C269FF7-C77A-4717-A9D6-556EF4BDF85A}.Debug|Any CPU.ActiveCfg = Debug|Any CPU
		{2C269FF7-C77A-4717-A9D6-556EF4BDF85A}.Debug|Any CPU.Build.0 = Debug|Any CPU
		{2C269FF7-C77A-4717-A9D6-556EF4BDF85A}.Release|Any CPU.ActiveCfg = Release|Any CPU
		{2C269FF7-C77A-4717-A9D6-556EF4BDF85A}.Release|Any CPU.Build.0 = Release|Any CPU
		{887A39F4-45B9-4C61-91A6-D6461535669D}.Debug|Any CPU.ActiveCfg = Debug|Any CPU
		{887A39F4-45B9-4C61-91A6-D6461535669D}.Debug|Any CPU.Build.0 = Debug|Any CPU
		{887A39F4-45B9-4C61-91A6-D6461535669D}.Release|Any CPU.ActiveCfg = Release|Any CPU
		{887A39F4-45B9-4C61-91A6-D6461535669D}.Release|Any CPU.Build.0 = Release|Any CPU
		{72A5EF08-08C1-4FB2-939D-1473C48E593D}.Debug|Any CPU.ActiveCfg = Debug|Any CPU
		{72A5EF08-08C1-4FB2-939D-1473C48E593D}.Debug|Any CPU.Build.0 = Debug|Any CPU
		{72A5EF08-08C1-4FB2-939D-1473C48E593D}.Release|Any CPU.ActiveCfg = Release|Any CPU
		{72A5EF08-08C1-4FB2-939D-1473C48E593D}.Release|Any CPU.Build.0 = Release|Any CPU
		{8D5EBC64-B2A3-4A3F-AFC3-1F21CE71DBE1}.Debug|Any CPU.ActiveCfg = Debug|Any CPU
		{8D5EBC64-B2A3-4A3F-AFC3-1F21CE71DBE1}.Debug|Any CPU.Build.0 = Debug|Any CPU
		{8D5EBC64-B2A3-4A3F-AFC3-1F21CE71DBE1}.Release|Any CPU.ActiveCfg = Release|Any CPU
		{8D5EBC64-B2A3-4A3F-AFC3-1F21CE71DBE1}.Release|Any CPU.Build.0 = Release|Any CPU
		{3188BE81-CEF6-4689-8BD2-B0EBECB31D56}.Debug|Any CPU.ActiveCfg = Debug|Any CPU
		{3188BE81-CEF6-4689-8BD2-B0EBECB31D56}.Debug|Any CPU.Build.0 = Debug|Any CPU
		{3188BE81-CEF6-4689-8BD2-B0EBECB31D56}.Release|Any CPU.ActiveCfg = Release|Any CPU
		{3188BE81-CEF6-4689-8BD2-B0EBECB31D56}.Release|Any CPU.Build.0 = Release|Any CPU
		{3A2B7D91-6C12-4CFF-8B26-D9008D41A57B}.Debug|Any CPU.ActiveCfg = Debug|Any CPU
		{3A2B7D91-6C12-4CFF-8B26-D9008D41A57B}.Debug|Any CPU.Build.0 = Debug|Any CPU
		{3A2B7D91-6C12-4CFF-8B26-D9008D41A57B}.Release|Any CPU.ActiveCfg = Release|Any CPU
		{3A2B7D91-6C12-4CFF-8B26-D9008D41A57B}.Release|Any CPU.Build.0 = Release|Any CPU
		{A068CEED-A019-4CBE-A3D7-EF0CBC6D389A}.Debug|Any CPU.ActiveCfg = Debug|Any CPU
		{A068CEED-A019-4CBE-A3D7-EF0CBC6D389A}.Debug|Any CPU.Build.0 = Debug|Any CPU
		{A068CEED-A019-4CBE-A3D7-EF0CBC6D389A}.Release|Any CPU.ActiveCfg = Release|Any CPU
		{A068CEED-A019-4CBE-A3D7-EF0CBC6D389A}.Release|Any CPU.Build.0 = Release|Any CPU
		{F8ED2978-710C-4C1D-8C2B-F1782C74FBED}.Debug|Any CPU.ActiveCfg = Debug|Any CPU
		{F8ED2978-710C-4C1D-8C2B-F1782C74FBED}.Debug|Any CPU.Build.0 = Debug|Any CPU
		{F8ED2978-710C-4C1D-8C2B-F1782C74FBED}.Release|Any CPU.ActiveCfg = Release|Any CPU
		{F8ED2978-710C-4C1D-8C2B-F1782C74FBED}.Release|Any CPU.Build.0 = Release|Any CPU
		{CA97AD37-062C-4123-BCF4-EC0510A758F7}.Debug|Any CPU.ActiveCfg = Debug|Any CPU
		{CA97AD37-062C-4123-BCF4-EC0510A758F7}.Debug|Any CPU.Build.0 = Debug|Any CPU
		{CA97AD37-062C-4123-BCF4-EC0510A758F7}.Release|Any CPU.ActiveCfg = Release|Any CPU
		{CA97AD37-062C-4123-BCF4-EC0510A758F7}.Release|Any CPU.Build.0 = Release|Any CPU
		{BFDE9BED-9BCD-4FFF-A297-708277007741}.Debug|Any CPU.ActiveCfg = Debug|Any CPU
		{BFDE9BED-9BCD-4FFF-A297-708277007741}.Debug|Any CPU.Build.0 = Debug|Any CPU
		{BFDE9BED-9BCD-4FFF-A297-708277007741}.Release|Any CPU.ActiveCfg = Release|Any CPU
		{BFDE9BED-9BCD-4FFF-A297-708277007741}.Release|Any CPU.Build.0 = Release|Any CPU
		{291F6F98-7920-4AC8-8993-EB99EC3FEE3F}.Debug|Any CPU.ActiveCfg = Debug|Any CPU
		{291F6F98-7920-4AC8-8993-EB99EC3FEE3F}.Debug|Any CPU.Build.0 = Debug|Any CPU
		{291F6F98-7920-4AC8-8993-EB99EC3FEE3F}.Release|Any CPU.ActiveCfg = Release|Any CPU
		{291F6F98-7920-4AC8-8993-EB99EC3FEE3F}.Release|Any CPU.Build.0 = Release|Any CPU
		{E19D13EB-56E0-451D-98B6-BEA109CC3434}.Debug|Any CPU.ActiveCfg = Debug|Any CPU
		{E19D13EB-56E0-451D-98B6-BEA109CC3434}.Debug|Any CPU.Build.0 = Debug|Any CPU
		{E19D13EB-56E0-451D-98B6-BEA109CC3434}.Release|Any CPU.ActiveCfg = Release|Any CPU
		{E19D13EB-56E0-451D-98B6-BEA109CC3434}.Release|Any CPU.Build.0 = Release|Any CPU
		{7B8C91E9-788B-4090-97D5-9FC793DD3C4D}.Debug|Any CPU.ActiveCfg = Debug|Any CPU
		{7B8C91E9-788B-4090-97D5-9FC793DD3C4D}.Debug|Any CPU.Build.0 = Debug|Any CPU
		{7B8C91E9-788B-4090-97D5-9FC793DD3C4D}.Release|Any CPU.ActiveCfg = Release|Any CPU
		{7B8C91E9-788B-4090-97D5-9FC793DD3C4D}.Release|Any CPU.Build.0 = Release|Any CPU
		{B76712CF-D833-4171-9647-3EFFFF8B0888}.Debug|Any CPU.ActiveCfg = Debug|Any CPU
		{B76712CF-D833-4171-9647-3EFFFF8B0888}.Debug|Any CPU.Build.0 = Debug|Any CPU
		{B76712CF-D833-4171-9647-3EFFFF8B0888}.Release|Any CPU.ActiveCfg = Release|Any CPU
		{B76712CF-D833-4171-9647-3EFFFF8B0888}.Release|Any CPU.Build.0 = Release|Any CPU
		{D299A300-D695-40C9-818E-87EF26732456}.Debug|Any CPU.ActiveCfg = Debug|Any CPU
		{D299A300-D695-40C9-818E-87EF26732456}.Debug|Any CPU.Build.0 = Debug|Any CPU
		{D299A300-D695-40C9-818E-87EF26732456}.Release|Any CPU.ActiveCfg = Release|Any CPU
		{D299A300-D695-40C9-818E-87EF26732456}.Release|Any CPU.Build.0 = Release|Any CPU
		{49AB2076-3EF4-46BD-8554-6EE45BC322CB}.Debug|Any CPU.ActiveCfg = Debug|Any CPU
		{49AB2076-3EF4-46BD-8554-6EE45BC322CB}.Debug|Any CPU.Build.0 = Debug|Any CPU
		{49AB2076-3EF4-46BD-8554-6EE45BC322CB}.Release|Any CPU.ActiveCfg = Release|Any CPU
		{49AB2076-3EF4-46BD-8554-6EE45BC322CB}.Release|Any CPU.Build.0 = Release|Any CPU
		{091AC83B-E77C-4ED5-9661-1C48B29C2AFB}.Debug|Any CPU.ActiveCfg = Debug|Any CPU
		{091AC83B-E77C-4ED5-9661-1C48B29C2AFB}.Debug|Any CPU.Build.0 = Debug|Any CPU
		{091AC83B-E77C-4ED5-9661-1C48B29C2AFB}.Release|Any CPU.ActiveCfg = Release|Any CPU
		{091AC83B-E77C-4ED5-9661-1C48B29C2AFB}.Release|Any CPU.Build.0 = Release|Any CPU
		{FD2C3EBB-EA73-4BAE-B1C1-01347A631D00}.Debug|Any CPU.ActiveCfg = Debug|Any CPU
		{FD2C3EBB-EA73-4BAE-B1C1-01347A631D00}.Debug|Any CPU.Build.0 = Debug|Any CPU
		{FD2C3EBB-EA73-4BAE-B1C1-01347A631D00}.Release|Any CPU.ActiveCfg = Release|Any CPU
		{FD2C3EBB-EA73-4BAE-B1C1-01347A631D00}.Release|Any CPU.Build.0 = Release|Any CPU
		{C38C63C9-8121-481C-8C07-342EE189B274}.Debug|Any CPU.ActiveCfg = Debug|Any CPU
		{C38C63C9-8121-481C-8C07-342EE189B274}.Debug|Any CPU.Build.0 = Debug|Any CPU
		{C38C63C9-8121-481C-8C07-342EE189B274}.Release|Any CPU.ActiveCfg = Release|Any CPU
		{C38C63C9-8121-481C-8C07-342EE189B274}.Release|Any CPU.Build.0 = Release|Any CPU
		{97ADB668-8D74-4AA8-AB21-4ECE78E2E45A}.Debug|Any CPU.ActiveCfg = Debug|Any CPU
		{97ADB668-8D74-4AA8-AB21-4ECE78E2E45A}.Debug|Any CPU.Build.0 = Debug|Any CPU
		{97ADB668-8D74-4AA8-AB21-4ECE78E2E45A}.Release|Any CPU.ActiveCfg = Release|Any CPU
		{97ADB668-8D74-4AA8-AB21-4ECE78E2E45A}.Release|Any CPU.Build.0 = Release|Any CPU
		{5A941B24-CA07-4B96-AB65-E5124F6642C6}.Debug|Any CPU.ActiveCfg = Debug|Any CPU
		{5A941B24-CA07-4B96-AB65-E5124F6642C6}.Debug|Any CPU.Build.0 = Debug|Any CPU
		{5A941B24-CA07-4B96-AB65-E5124F6642C6}.Release|Any CPU.ActiveCfg = Release|Any CPU
		{5A941B24-CA07-4B96-AB65-E5124F6642C6}.Release|Any CPU.Build.0 = Release|Any CPU
		{4BDC70CA-8596-4696-A5B8-C653E4CDBA4E}.Debug|Any CPU.ActiveCfg = Debug|Any CPU
		{4BDC70CA-8596-4696-A5B8-C653E4CDBA4E}.Debug|Any CPU.Build.0 = Debug|Any CPU
		{4BDC70CA-8596-4696-A5B8-C653E4CDBA4E}.Release|Any CPU.ActiveCfg = Release|Any CPU
		{4BDC70CA-8596-4696-A5B8-C653E4CDBA4E}.Release|Any CPU.Build.0 = Release|Any CPU
		{EB86052A-CF48-4836-B826-88B35DFC3AF8}.Debug|Any CPU.ActiveCfg = Debug|Any CPU
		{EB86052A-CF48-4836-B826-88B35DFC3AF8}.Debug|Any CPU.Build.0 = Debug|Any CPU
		{EB86052A-CF48-4836-B826-88B35DFC3AF8}.Release|Any CPU.ActiveCfg = Release|Any CPU
		{EB86052A-CF48-4836-B826-88B35DFC3AF8}.Release|Any CPU.Build.0 = Release|Any CPU
		{D3679693-B15B-48D0-9193-5606C0D94B85}.Debug|Any CPU.ActiveCfg = Debug|Any CPU
		{D3679693-B15B-48D0-9193-5606C0D94B85}.Debug|Any CPU.Build.0 = Debug|Any CPU
		{D3679693-B15B-48D0-9193-5606C0D94B85}.Release|Any CPU.ActiveCfg = Release|Any CPU
		{D3679693-B15B-48D0-9193-5606C0D94B85}.Release|Any CPU.Build.0 = Release|Any CPU
		{01A62B4E-6B6D-4493-9CE9-A647A184032D}.Debug|Any CPU.ActiveCfg = Debug|Any CPU
		{01A62B4E-6B6D-4493-9CE9-A647A184032D}.Debug|Any CPU.Build.0 = Debug|Any CPU
		{01A62B4E-6B6D-4493-9CE9-A647A184032D}.Release|Any CPU.ActiveCfg = Release|Any CPU
		{01A62B4E-6B6D-4493-9CE9-A647A184032D}.Release|Any CPU.Build.0 = Release|Any CPU
		{F25F868C-A89E-4158-9A17-2F58ED46DFEA}.Debug|Any CPU.ActiveCfg = Debug|Any CPU
		{F25F868C-A89E-4158-9A17-2F58ED46DFEA}.Debug|Any CPU.Build.0 = Debug|Any CPU
		{F25F868C-A89E-4158-9A17-2F58ED46DFEA}.Release|Any CPU.ActiveCfg = Release|Any CPU
		{F25F868C-A89E-4158-9A17-2F58ED46DFEA}.Release|Any CPU.Build.0 = Release|Any CPU
		{B114A93E-AE1C-440C-A91D-54795FF42A05}.Debug|Any CPU.ActiveCfg = Debug|Any CPU
		{B114A93E-AE1C-440C-A91D-54795FF42A05}.Debug|Any CPU.Build.0 = Debug|Any CPU
		{B114A93E-AE1C-440C-A91D-54795FF42A05}.Release|Any CPU.ActiveCfg = Release|Any CPU
		{B114A93E-AE1C-440C-A91D-54795FF42A05}.Release|Any CPU.Build.0 = Release|Any CPU
		{70016404-A363-474D-997E-5687351C3743}.Debug|Any CPU.ActiveCfg = Debug|Any CPU
		{70016404-A363-474D-997E-5687351C3743}.Debug|Any CPU.Build.0 = Debug|Any CPU
		{70016404-A363-474D-997E-5687351C3743}.Release|Any CPU.ActiveCfg = Release|Any CPU
		{70016404-A363-474D-997E-5687351C3743}.Release|Any CPU.Build.0 = Release|Any CPU
		{FAF9ACD8-EE31-41C2-8633-4A1942D139F4}.Debug|Any CPU.ActiveCfg = Debug|Any CPU
		{FAF9ACD8-EE31-41C2-8633-4A1942D139F4}.Debug|Any CPU.Build.0 = Debug|Any CPU
		{FAF9ACD8-EE31-41C2-8633-4A1942D139F4}.Release|Any CPU.ActiveCfg = Release|Any CPU
		{FAF9ACD8-EE31-41C2-8633-4A1942D139F4}.Release|Any CPU.Build.0 = Release|Any CPU
		{E9635F97-AAC9-48D3-885D-D3AAD02B881D}.Debug|Any CPU.ActiveCfg = Debug|Any CPU
		{E9635F97-AAC9-48D3-885D-D3AAD02B881D}.Debug|Any CPU.Build.0 = Debug|Any CPU
		{E9635F97-AAC9-48D3-885D-D3AAD02B881D}.Release|Any CPU.ActiveCfg = Release|Any CPU
		{E9635F97-AAC9-48D3-885D-D3AAD02B881D}.Release|Any CPU.Build.0 = Release|Any CPU
	EndGlobalSection
	GlobalSection(SolutionProperties) = preSolution
		HideSolutionNode = FALSE
	EndGlobalSection
	GlobalSection(NestedProjects) = preSolution
		{45243500-DD54-42CA-B3BC-1022B2D7D709} = {C49B2542-6056-4235-82A6-722FB2B05784}
		{2C269FF7-C77A-4717-A9D6-556EF4BDF85A} = {D47D42AE-EE60-4E00-A2A5-FD7E0CCA1A69}
		{887A39F4-45B9-4C61-91A6-D6461535669D} = {D47D42AE-EE60-4E00-A2A5-FD7E0CCA1A69}
		{72A5EF08-08C1-4FB2-939D-1473C48E593D} = {EAEE7B5F-905C-4DCF-93FF-9CAEDD97BFE6}
		{8D5EBC64-B2A3-4A3F-AFC3-1F21CE71DBE1} = {EAEE7B5F-905C-4DCF-93FF-9CAEDD97BFE6}
		{3188BE81-CEF6-4689-8BD2-B0EBECB31D56} = {DE3A7B35-C631-4154-AECF-47CB4DF73D3B}
		{3A2B7D91-6C12-4CFF-8B26-D9008D41A57B} = {DE3A7B35-C631-4154-AECF-47CB4DF73D3B}
		{A068CEED-A019-4CBE-A3D7-EF0CBC6D389A} = {DE3A7B35-C631-4154-AECF-47CB4DF73D3B}
		{F8ED2978-710C-4C1D-8C2B-F1782C74FBED} = {DE3A7B35-C631-4154-AECF-47CB4DF73D3B}
		{CA97AD37-062C-4123-BCF4-EC0510A758F7} = {DE3A7B35-C631-4154-AECF-47CB4DF73D3B}
		{BFDE9BED-9BCD-4FFF-A297-708277007741} = {DE3A7B35-C631-4154-AECF-47CB4DF73D3B}
		{291F6F98-7920-4AC8-8993-EB99EC3FEE3F} = {DE3A7B35-C631-4154-AECF-47CB4DF73D3B}
		{E19D13EB-56E0-451D-98B6-BEA109CC3434} = {64779B2B-EFD3-4CF7-BD7E-E5461C98252D}
		{7B8C91E9-788B-4090-97D5-9FC793DD3C4D} = {6CDE9005-477D-460D-B2DD-9D3A0C88EC43}
		{B76712CF-D833-4171-9647-3EFFFF8B0888} = {6CDE9005-477D-460D-B2DD-9D3A0C88EC43}
		{D299A300-D695-40C9-818E-87EF26732456} = {6CDE9005-477D-460D-B2DD-9D3A0C88EC43}
		{49AB2076-3EF4-46BD-8554-6EE45BC322CB} = {6CDE9005-477D-460D-B2DD-9D3A0C88EC43}
		{091AC83B-E77C-4ED5-9661-1C48B29C2AFB} = {6CDE9005-477D-460D-B2DD-9D3A0C88EC43}
		{FD2C3EBB-EA73-4BAE-B1C1-01347A631D00} = {6CDE9005-477D-460D-B2DD-9D3A0C88EC43}
		{C38C63C9-8121-481C-8C07-342EE189B274} = {22178D52-C45F-4D48-A2E7-7827DC6D6279}
		{97ADB668-8D74-4AA8-AB21-4ECE78E2E45A} = {22178D52-C45F-4D48-A2E7-7827DC6D6279}
		{5A941B24-CA07-4B96-AB65-E5124F6642C6} = {22178D52-C45F-4D48-A2E7-7827DC6D6279}
		{4BDC70CA-8596-4696-A5B8-C653E4CDBA4E} = {22178D52-C45F-4D48-A2E7-7827DC6D6279}
		{EB86052A-CF48-4836-B826-88B35DFC3AF8} = {22178D52-C45F-4D48-A2E7-7827DC6D6279}
		{D3679693-B15B-48D0-9193-5606C0D94B85} = {FF964730-EB29-452A-814E-461A0E72DE05}
		{01A62B4E-6B6D-4493-9CE9-A647A184032D} = {FF964730-EB29-452A-814E-461A0E72DE05}
		{F25F868C-A89E-4158-9A17-2F58ED46DFEA} = {FF964730-EB29-452A-814E-461A0E72DE05}
		{B114A93E-AE1C-440C-A91D-54795FF42A05} = {FF964730-EB29-452A-814E-461A0E72DE05}
		{70016404-A363-474D-997E-5687351C3743} = {FF964730-EB29-452A-814E-461A0E72DE05}
		{FAF9ACD8-EE31-41C2-8633-4A1942D139F4} = {FF964730-EB29-452A-814E-461A0E72DE05}
		{E9635F97-AAC9-48D3-885D-D3AAD02B881D} = {22178D52-C45F-4D48-A2E7-7827DC6D6279}
	EndGlobalSection
	GlobalSection(ExtensibilityGlobals) = postSolution
		SolutionGuid = {24307197-E32B-4AD6-8D44-BF2F122333FF}
	EndGlobalSection
EndGlobal
