
Microsoft Visual Studio Solution File, Format Version 12.00
# Visual Studio Version 16
VisualStudioVersion = 16.0.30225.117
MinimumVisualStudioVersion = 10.0.40219.1
Project("{FAE04EC0-301F-11D3-BF4B-00C04F79EFBC}") = "TabSwitcherExample", "TabSwitcherExample\TabSwitcherExample.csproj", "{3B9F7A1A-8DD2-46B7-A509-D39CD4C6F36C}"
EndProject
Project("{FAE04EC0-301F-11D3-BF4B-00C04F79EFBC}") = "MyControls", "MyControls\MyControls.csproj", "{04DBEBE9-3F44-4D97-AB57-76C84F629F56}"
EndProject
Global
	GlobalSection(SolutionConfigurationPlatforms) = preSolution
		Debug|Any CPU = Debug|Any CPU
		Release|Any CPU = Release|Any CPU
	EndGlobalSection
	GlobalSection(ProjectConfigurationPlatforms) = postSolution
		{3B9F7A1A-8DD2-46B7-A509-D39CD4C6F36C}.Debug|Any CPU.ActiveCfg = Debug|Any CPU
		{3B9F7A1A-8DD2-46B7-A509-D39CD4C6F36C}.Debug|Any CPU.Build.0 = Debug|Any CPU
		{3B9F7A1A-8DD2-46B7-A509-D39CD4C6F36C}.Release|Any CPU.ActiveCfg = Release|Any CPU
		{3B9F7A1A-8DD2-46B7-A509-D39CD4C6F36C}.Release|Any CPU.Build.0 = Release|Any CPU
		{04DBEBE9-3F44-4D97-AB57-76C84F629F56}.Debug|Any CPU.ActiveCfg = Debug|Any CPU
		{04DBEBE9-3F44-4D97-AB57-76C84F629F56}.Debug|Any CPU.Build.0 = Debug|Any CPU
		{04DBEBE9-3F44-4D97-AB57-76C84F629F56}.Release|Any CPU.ActiveCfg = Release|Any CPU
		{04DBEBE9-3F44-4D97-AB57-76C84F629F56}.Release|Any CPU.Build.0 = Release|Any CPU
	EndGlobalSection
	GlobalSection(SolutionProperties) = preSolution
		HideSolutionNode = FALSE
	EndGlobalSection
	GlobalSection(ExtensibilityGlobals) = postSolution
		SolutionGuid = {608133FD-5094-4F25-B029-8D30FDF04313}
	EndGlobalSection
EndGlobal
